
Microsoft Visual Studio Solution File, Format Version 12.00
# Visual Studio Version 17
VisualStudioVersion = 17.8.34330.188
MinimumVisualStudioVersion = 10.0.40219.1
Project("{8BC9CEB8-8B4A-11D0-8D11-00A0C91BC942}") = "vsgraph", "vsgraph\vsgraph.vcxproj", "{E34E64C7-81FB-4E5F-BBC9-F1E59F6EB834}"
	ProjectSection(ProjectDependencies) = postProject
		{2D36AEAD-BC52-438A-9576-B556BFC2F196} = {2D36AEAD-BC52-438A-9576-B556BFC2F196}
		{84337509-ECD3-453B-A4A3-104B8EED2481} = {84337509-ECD3-453B-A4A3-104B8EED2481}
	EndProjectSection
EndProject
Project("{8BC9CEB8-8B4A-11D0-8D11-00A0C91BC942}") = "vsgraph_static", "vsgraph_static\vsgraph_static.vcxproj", "{195A6C00-356D-4B7A-9998-5668C84802CC}"
	ProjectSection(ProjectDependencies) = postProject
		{2D36AEAD-BC52-438A-9576-B556BFC2F196} = {2D36AEAD-BC52-438A-9576-B556BFC2F196}
		{84337509-ECD3-453B-A4A3-104B8EED2481} = {84337509-ECD3-453B-A4A3-104B8EED2481}
	EndProjectSection
EndProject
Project("{2150E333-8FDC-42A3-9474-1A3956D46DE8}") = "Examples", "Examples", "{14521162-438B-4AF7-A4D4-BC745C580EF9}"
EndProject
Project("{8BC9CEB8-8B4A-11D0-8D11-00A0C91BC942}") = "BlackScholes", "Examples\BlackScholes\BlackScholes.vcxproj", "{5CB1F64F-7D95-48BA-A873-2E4C39C78E93}"
	ProjectSection(ProjectDependencies) = postProject
		{E34E64C7-81FB-4E5F-BBC9-F1E59F6EB834} = {E34E64C7-81FB-4E5F-BBC9-F1E59F6EB834}
	EndProjectSection
EndProject
Project("{8BC9CEB8-8B4A-11D0-8D11-00A0C91BC942}") = "BlackScholes_static", "Examples\BlackScholes_static\BlackScholes_static.vcxproj", "{4D01FF1F-994A-41A9-9473-CB73BB346C87}"
	ProjectSection(ProjectDependencies) = postProject
		{195A6C00-356D-4B7A-9998-5668C84802CC} = {195A6C00-356D-4B7A-9998-5668C84802CC}
	EndProjectSection
EndProject
Project("{2150E333-8FDC-42A3-9474-1A3956D46DE8}") = "CodeGen", "CodeGen", "{F4807268-6D18-4AE4-BB35-24353822FB2D}"
EndProject
Project("{2150E333-8FDC-42A3-9474-1A3956D46DE8}") = "Tests", "Tests", "{C94CF783-99FA-4059-9AD3-2487E87CE6AB}"
EndProject
Project("{8BC9CEB8-8B4A-11D0-8D11-00A0C91BC942}") = "BasicFunctions", "Tests\BasicFunctions\BasicFunctions.vcxproj", "{C85024AD-2C0E-49E3-8C52-A208782E6C7F}"
	ProjectSection(ProjectDependencies) = postProject
		{E34E64C7-81FB-4E5F-BBC9-F1E59F6EB834} = {E34E64C7-81FB-4E5F-BBC9-F1E59F6EB834}
	EndProjectSection
EndProject
Project("{2150E333-8FDC-42A3-9474-1A3956D46DE8}") = "VSGraph", "VSGraph", "{6BAF146E-80AF-48E7-9BE6-857F77400C73}"
EndProject
Project("{8BC9CEB8-8B4A-11D0-8D11-00A0C91BC942}") = "amd_utils", "vsgraph\amd_utils\amd_utils.vcxproj", "{84337509-ECD3-453B-A4A3-104B8EED2481}"
EndProject
Project("{8BC9CEB8-8B4A-11D0-8D11-00A0C91BC942}") = "BasicFunctionsRecording", "Tests\BasicFunctionsRecording\BasicFunctionsRecording.vcxproj", "{A93FEEA0-E523-4217-B057-6B887C60C773}"
	ProjectSection(ProjectDependencies) = postProject
		{195A6C00-356D-4B7A-9998-5668C84802CC} = {195A6C00-356D-4B7A-9998-5668C84802CC}
	EndProjectSection
EndProject
Project("{8BC9CEB8-8B4A-11D0-8D11-00A0C91BC942}") = "BasicFunctionsRecording2", "Tests\BasicFunctionsRecording2\BasicFunctionsRecording2.vcxproj", "{84533322-40D3-471C-B297-C1877B673038}"
	ProjectSection(ProjectDependencies) = postProject
		{195A6C00-356D-4B7A-9998-5668C84802CC} = {195A6C00-356D-4B7A-9998-5668C84802CC}
	EndProjectSection
EndProject
Project("{8BC9CEB8-8B4A-11D0-8D11-00A0C91BC942}") = "BasicFunctions2", "Tests\BasicFunctions2\BasicFunctions2.vcxproj", "{03E2FEAB-E840-455C-9802-185834118372}"
	ProjectSection(ProjectDependencies) = postProject
		{195A6C00-356D-4B7A-9998-5668C84802CC} = {195A6C00-356D-4B7A-9998-5668C84802CC}
	EndProjectSection
EndProject
Project("{8BC9CEB8-8B4A-11D0-8D11-00A0C91BC942}") = "TestBlackScholes", "Tests\TestBlackScholes\TestBlackScholes.vcxproj", "{5F730AF7-48C0-4D30-A43E-8A94171E41BF}"
	ProjectSection(ProjectDependencies) = postProject
		{E34E64C7-81FB-4E5F-BBC9-F1E59F6EB834} = {E34E64C7-81FB-4E5F-BBC9-F1E59F6EB834}
	EndProjectSection
EndProject
Project("{8BC9CEB8-8B4A-11D0-8D11-00A0C91BC942}") = "BasicFunctionsForward", "Tests\BasicFunctionsForward\BasicFunctionsForward.vcxproj", "{EBC3162D-B14E-4C04-B085-E0B037D8CBCD}"
	ProjectSection(ProjectDependencies) = postProject
		{195A6C00-356D-4B7A-9998-5668C84802CC} = {195A6C00-356D-4B7A-9998-5668C84802CC}
	EndProjectSection
EndProject
Project("{8BC9CEB8-8B4A-11D0-8D11-00A0C91BC942}") = "BasicFunctionsBackward", "Tests\BasicFunctionsBackward\BasicFunctionsBackward.vcxproj", "{6137BD2C-C415-448F-8229-5DA6AF62212F}"
	ProjectSection(ProjectDependencies) = postProject
		{195A6C00-356D-4B7A-9998-5668C84802CC} = {195A6C00-356D-4B7A-9998-5668C84802CC}
	EndProjectSection
EndProject
Project("{8BC9CEB8-8B4A-11D0-8D11-00A0C91BC942}") = "BasicFunctionsBackward2", "Tests\BasicFunctionsBackward2\BasicFunctionsBackward2.vcxproj", "{E8C9EC9F-27C8-48C2-9AE2-1721B09F29A5}"
	ProjectSection(ProjectDependencies) = postProject
		{195A6C00-356D-4B7A-9998-5668C84802CC} = {195A6C00-356D-4B7A-9998-5668C84802CC}
	EndProjectSection
EndProject
Project("{8BC9CEB8-8B4A-11D0-8D11-00A0C91BC942}") = "BasicFunctionsForward2", "Tests\BasicFunctionsForward2\BasicFunctionsForward2.vcxproj", "{4B353D7D-B144-4944-84B9-73C89148FB99}"
	ProjectSection(ProjectDependencies) = postProject
		{195A6C00-356D-4B7A-9998-5668C84802CC} = {195A6C00-356D-4B7A-9998-5668C84802CC}
	EndProjectSection
EndProject
Project("{8BC9CEB8-8B4A-11D0-8D11-00A0C91BC942}") = "BasicFunctionsForwardPtr", "Tests\BasicFunctionsForwardPtr\BasicFunctionsForwardPtr.vcxproj", "{01F6AAE2-A1B5-4369-9173-DA6594781661}"
	ProjectSection(ProjectDependencies) = postProject
		{195A6C00-356D-4B7A-9998-5668C84802CC} = {195A6C00-356D-4B7A-9998-5668C84802CC}
	EndProjectSection
EndProject
Project("{8BC9CEB8-8B4A-11D0-8D11-00A0C91BC942}") = "BasicFunctionsForwardPtr2", "Tests\BasicFunctionsForwardPtr2\BasicFunctionsForwardPtr2.vcxproj", "{C08E1926-6B9A-4FD2-871D-0284048380CB}"
	ProjectSection(ProjectDependencies) = postProject
		{195A6C00-356D-4B7A-9998-5668C84802CC} = {195A6C00-356D-4B7A-9998-5668C84802CC}
	EndProjectSection
EndProject
Project("{8BC9CEB8-8B4A-11D0-8D11-00A0C91BC942}") = "BasicFunctionsBackwardPtr", "Tests\BasicFunctionsBackwardPtr\BasicFunctionsBackwardPtr.vcxproj", "{EFFB52E7-5853-47A4-A9D5-E3AB7C88F483}"
	ProjectSection(ProjectDependencies) = postProject
		{195A6C00-356D-4B7A-9998-5668C84802CC} = {195A6C00-356D-4B7A-9998-5668C84802CC}
	EndProjectSection
EndProject
Project("{8BC9CEB8-8B4A-11D0-8D11-00A0C91BC942}") = "BasicFunctionsBackwardPtr2", "Tests\BasicFunctionsBackwardPtr2\BasicFunctionsBackwardPtr2.vcxproj", "{665F98F3-5933-4E7F-98CD-FA78FF8281C4}"
	ProjectSection(ProjectDependencies) = postProject
		{195A6C00-356D-4B7A-9998-5668C84802CC} = {195A6C00-356D-4B7A-9998-5668C84802CC}
	EndProjectSection
EndProject
Project("{2150E333-8FDC-42A3-9474-1A3956D46DE8}") = "Functions", "Functions", "{FECDBC0B-4F3A-4E7F-B0A0-4AB08D562C68}"
EndProject
Project("{8BC9CEB8-8B4A-11D0-8D11-00A0C91BC942}") = "BasicFunctionsForwardPtr_AVX512", "Tests\BasicFunctionsForwardPtr_AVX512\BasicFunctionsForwardPtr_AVX512.vcxproj", "{149DD74D-7AC7-409F-A2F4-FD7C03E5AB6A}"
	ProjectSection(ProjectDependencies) = postProject
		{E34E64C7-81FB-4E5F-BBC9-F1E59F6EB834} = {E34E64C7-81FB-4E5F-BBC9-F1E59F6EB834}
	EndProjectSection
EndProject
Project("{8BC9CEB8-8B4A-11D0-8D11-00A0C91BC942}") = "BasicFunctionsBackwardPtr_AVX512", "Tests\BasicFunctionsBackwardPtr_AVX512\BasicFunctionsBackwardPtr_AVX512.vcxproj", "{B8C06EC1-E7B4-4355-B7BA-7E59CD850699}"
	ProjectSection(ProjectDependencies) = postProject
		{E34E64C7-81FB-4E5F-BBC9-F1E59F6EB834} = {E34E64C7-81FB-4E5F-BBC9-F1E59F6EB834}
	EndProjectSection
EndProject
Project("{2150E333-8FDC-42A3-9474-1A3956D46DE8}") = "Arithmetic", "Arithmetic", "{4FCF1EEE-4CB4-4A1F-971D-B966F5E21EDE}"
EndProject
Project("{8BC9CEB8-8B4A-11D0-8D11-00A0C91BC942}") = "Arithmetic", "Tests\Arithmetic\Arithmetic.vcxproj", "{FB7529A9-6F9A-4284-BA98-ECEB0582D631}"
	ProjectSection(ProjectDependencies) = postProject
		{E34E64C7-81FB-4E5F-BBC9-F1E59F6EB834} = {E34E64C7-81FB-4E5F-BBC9-F1E59F6EB834}
	EndProjectSection
EndProject
Project("{2150E333-8FDC-42A3-9474-1A3956D46DE8}") = "Logical", "Logical", "{3F3AE161-22D2-49E9-8566-3222EB32E4D7}"
EndProject
Project("{8BC9CEB8-8B4A-11D0-8D11-00A0C91BC942}") = "Logical", "Tests\Logical\Logical.vcxproj", "{F24D0E09-8286-4389-98C8-F2AE9204BDA4}"
	ProjectSection(ProjectDependencies) = postProject
		{E34E64C7-81FB-4E5F-BBC9-F1E59F6EB834} = {E34E64C7-81FB-4E5F-BBC9-F1E59F6EB834}
	EndProjectSection
EndProject
Project("{2150E333-8FDC-42A3-9474-1A3956D46DE8}") = "GPU", "GPU", "{25957478-973B-49B9-8B17-14ABA4A8D4A9}"
EndProject
Project("{8BC9CEB8-8B4A-11D0-8D11-00A0C91BC942}") = "nvidia_utils", "vsgraph\nvidia_utils\nvidia_utils.vcxproj", "{2D36AEAD-BC52-438A-9576-B556BFC2F196}"
EndProject
Global
	GlobalSection(SolutionConfigurationPlatforms) = preSolution
		Debug|x64 = Debug|x64
		Debug|x86 = Debug|x86
		Release|x64 = Release|x64
		Release|x86 = Release|x86
	EndGlobalSection
	GlobalSection(ProjectConfigurationPlatforms) = postSolution
		{E34E64C7-81FB-4E5F-BBC9-F1E59F6EB834}.Debug|x64.ActiveCfg = Debug|x64
		{E34E64C7-81FB-4E5F-BBC9-F1E59F6EB834}.Debug|x64.Build.0 = Debug|x64
		{E34E64C7-81FB-4E5F-BBC9-F1E59F6EB834}.Debug|x86.ActiveCfg = Debug|Win32
		{E34E64C7-81FB-4E5F-BBC9-F1E59F6EB834}.Debug|x86.Build.0 = Debug|Win32
		{E34E64C7-81FB-4E5F-BBC9-F1E59F6EB834}.Release|x64.ActiveCfg = Release|x64
		{E34E64C7-81FB-4E5F-BBC9-F1E59F6EB834}.Release|x64.Build.0 = Release|x64
		{E34E64C7-81FB-4E5F-BBC9-F1E59F6EB834}.Release|x86.ActiveCfg = Release|Win32
		{E34E64C7-81FB-4E5F-BBC9-F1E59F6EB834}.Release|x86.Build.0 = Release|Win32
		{195A6C00-356D-4B7A-9998-5668C84802CC}.Debug|x64.ActiveCfg = Debug|x64
		{195A6C00-356D-4B7A-9998-5668C84802CC}.Debug|x64.Build.0 = Debug|x64
		{195A6C00-356D-4B7A-9998-5668C84802CC}.Debug|x86.ActiveCfg = Debug|Win32
		{195A6C00-356D-4B7A-9998-5668C84802CC}.Debug|x86.Build.0 = Debug|Win32
		{195A6C00-356D-4B7A-9998-5668C84802CC}.Release|x64.ActiveCfg = Release|x64
		{195A6C00-356D-4B7A-9998-5668C84802CC}.Release|x64.Build.0 = Release|x64
		{195A6C00-356D-4B7A-9998-5668C84802CC}.Release|x86.ActiveCfg = Release|Win32
		{195A6C00-356D-4B7A-9998-5668C84802CC}.Release|x86.Build.0 = Release|Win32
		{5CB1F64F-7D95-48BA-A873-2E4C39C78E93}.Debug|x64.ActiveCfg = Debug|x64
		{5CB1F64F-7D95-48BA-A873-2E4C39C78E93}.Debug|x64.Build.0 = Debug|x64
		{5CB1F64F-7D95-48BA-A873-2E4C39C78E93}.Debug|x86.ActiveCfg = Debug|Win32
		{5CB1F64F-7D95-48BA-A873-2E4C39C78E93}.Debug|x86.Build.0 = Debug|Win32
		{5CB1F64F-7D95-48BA-A873-2E4C39C78E93}.Release|x64.ActiveCfg = Release|x64
		{5CB1F64F-7D95-48BA-A873-2E4C39C78E93}.Release|x64.Build.0 = Release|x64
		{5CB1F64F-7D95-48BA-A873-2E4C39C78E93}.Release|x86.ActiveCfg = Release|Win32
		{5CB1F64F-7D95-48BA-A873-2E4C39C78E93}.Release|x86.Build.0 = Release|Win32
		{4D01FF1F-994A-41A9-9473-CB73BB346C87}.Debug|x64.ActiveCfg = Debug|x64
		{4D01FF1F-994A-41A9-9473-CB73BB346C87}.Debug|x64.Build.0 = Debug|x64
		{4D01FF1F-994A-41A9-9473-CB73BB346C87}.Debug|x86.ActiveCfg = Debug|Win32
		{4D01FF1F-994A-41A9-9473-CB73BB346C87}.Debug|x86.Build.0 = Debug|Win32
		{4D01FF1F-994A-41A9-9473-CB73BB346C87}.Release|x64.ActiveCfg = Release|x64
		{4D01FF1F-994A-41A9-9473-CB73BB346C87}.Release|x64.Build.0 = Release|x64
		{4D01FF1F-994A-41A9-9473-CB73BB346C87}.Release|x86.ActiveCfg = Release|Win32
		{4D01FF1F-994A-41A9-9473-CB73BB346C87}.Release|x86.Build.0 = Release|Win32
		{C85024AD-2C0E-49E3-8C52-A208782E6C7F}.Debug|x64.ActiveCfg = Debug|x64
		{C85024AD-2C0E-49E3-8C52-A208782E6C7F}.Debug|x64.Build.0 = Debug|x64
		{C85024AD-2C0E-49E3-8C52-A208782E6C7F}.Debug|x86.ActiveCfg = Debug|Win32
		{C85024AD-2C0E-49E3-8C52-A208782E6C7F}.Debug|x86.Build.0 = Debug|Win32
		{C85024AD-2C0E-49E3-8C52-A208782E6C7F}.Release|x64.ActiveCfg = Release|x64
		{C85024AD-2C0E-49E3-8C52-A208782E6C7F}.Release|x64.Build.0 = Release|x64
		{C85024AD-2C0E-49E3-8C52-A208782E6C7F}.Release|x86.ActiveCfg = Release|Win32
		{C85024AD-2C0E-49E3-8C52-A208782E6C7F}.Release|x86.Build.0 = Release|Win32
		{84337509-ECD3-453B-A4A3-104B8EED2481}.Debug|x64.ActiveCfg = Debug|x64
		{84337509-ECD3-453B-A4A3-104B8EED2481}.Debug|x64.Build.0 = Debug|x64
		{84337509-ECD3-453B-A4A3-104B8EED2481}.Debug|x86.ActiveCfg = Debug|x64
		{84337509-ECD3-453B-A4A3-104B8EED2481}.Debug|x86.Build.0 = Debug|x64
		{84337509-ECD3-453B-A4A3-104B8EED2481}.Release|x64.ActiveCfg = Release|x64
		{84337509-ECD3-453B-A4A3-104B8EED2481}.Release|x64.Build.0 = Release|x64
		{84337509-ECD3-453B-A4A3-104B8EED2481}.Release|x86.ActiveCfg = Release|x64
		{84337509-ECD3-453B-A4A3-104B8EED2481}.Release|x86.Build.0 = Release|x64
		{A93FEEA0-E523-4217-B057-6B887C60C773}.Debug|x64.ActiveCfg = Debug|x64
		{A93FEEA0-E523-4217-B057-6B887C60C773}.Debug|x64.Build.0 = Debug|x64
		{A93FEEA0-E523-4217-B057-6B887C60C773}.Debug|x86.ActiveCfg = Debug|Win32
		{A93FEEA0-E523-4217-B057-6B887C60C773}.Debug|x86.Build.0 = Debug|Win32
		{A93FEEA0-E523-4217-B057-6B887C60C773}.Release|x64.ActiveCfg = Release|x64
		{A93FEEA0-E523-4217-B057-6B887C60C773}.Release|x64.Build.0 = Release|x64
		{A93FEEA0-E523-4217-B057-6B887C60C773}.Release|x86.ActiveCfg = Release|Win32
		{A93FEEA0-E523-4217-B057-6B887C60C773}.Release|x86.Build.0 = Release|Win32
		{84533322-40D3-471C-B297-C1877B673038}.Debug|x64.ActiveCfg = Debug|x64
		{84533322-40D3-471C-B297-C1877B673038}.Debug|x64.Build.0 = Debug|x64
		{84533322-40D3-471C-B297-C1877B673038}.Debug|x86.ActiveCfg = Debug|Win32
		{84533322-40D3-471C-B297-C1877B673038}.Debug|x86.Build.0 = Debug|Win32
		{84533322-40D3-471C-B297-C1877B673038}.Release|x64.ActiveCfg = Release|x64
		{84533322-40D3-471C-B297-C1877B673038}.Release|x64.Build.0 = Release|x64
		{84533322-40D3-471C-B297-C1877B673038}.Release|x86.ActiveCfg = Release|Win32
		{84533322-40D3-471C-B297-C1877B673038}.Release|x86.Build.0 = Release|Win32
		{03E2FEAB-E840-455C-9802-185834118372}.Debug|x64.ActiveCfg = Debug|x64
		{03E2FEAB-E840-455C-9802-185834118372}.Debug|x64.Build.0 = Debug|x64
		{03E2FEAB-E840-455C-9802-185834118372}.Debug|x86.ActiveCfg = Debug|Win32
		{03E2FEAB-E840-455C-9802-185834118372}.Debug|x86.Build.0 = Debug|Win32
		{03E2FEAB-E840-455C-9802-185834118372}.Release|x64.ActiveCfg = Release|x64
		{03E2FEAB-E840-455C-9802-185834118372}.Release|x64.Build.0 = Release|x64
		{03E2FEAB-E840-455C-9802-185834118372}.Release|x86.ActiveCfg = Release|Win32
		{03E2FEAB-E840-455C-9802-185834118372}.Release|x86.Build.0 = Release|Win32
		{5F730AF7-48C0-4D30-A43E-8A94171E41BF}.Debug|x64.ActiveCfg = Debug|x64
		{5F730AF7-48C0-4D30-A43E-8A94171E41BF}.Debug|x64.Build.0 = Debug|x64
		{5F730AF7-48C0-4D30-A43E-8A94171E41BF}.Debug|x86.ActiveCfg = Debug|Win32
		{5F730AF7-48C0-4D30-A43E-8A94171E41BF}.Debug|x86.Build.0 = Debug|Win32
		{5F730AF7-48C0-4D30-A43E-8A94171E41BF}.Release|x64.ActiveCfg = Release|x64
		{5F730AF7-48C0-4D30-A43E-8A94171E41BF}.Release|x64.Build.0 = Release|x64
		{5F730AF7-48C0-4D30-A43E-8A94171E41BF}.Release|x86.ActiveCfg = Release|Win32
		{5F730AF7-48C0-4D30-A43E-8A94171E41BF}.Release|x86.Build.0 = Release|Win32
		{EBC3162D-B14E-4C04-B085-E0B037D8CBCD}.Debug|x64.ActiveCfg = Debug|x64
		{EBC3162D-B14E-4C04-B085-E0B037D8CBCD}.Debug|x64.Build.0 = Debug|x64
		{EBC3162D-B14E-4C04-B085-E0B037D8CBCD}.Debug|x86.ActiveCfg = Debug|Win32
		{EBC3162D-B14E-4C04-B085-E0B037D8CBCD}.Debug|x86.Build.0 = Debug|Win32
		{EBC3162D-B14E-4C04-B085-E0B037D8CBCD}.Release|x64.ActiveCfg = Release|x64
		{EBC3162D-B14E-4C04-B085-E0B037D8CBCD}.Release|x64.Build.0 = Release|x64
		{EBC3162D-B14E-4C04-B085-E0B037D8CBCD}.Release|x86.ActiveCfg = Release|Win32
		{EBC3162D-B14E-4C04-B085-E0B037D8CBCD}.Release|x86.Build.0 = Release|Win32
		{6137BD2C-C415-448F-8229-5DA6AF62212F}.Debug|x64.ActiveCfg = Debug|x64
		{6137BD2C-C415-448F-8229-5DA6AF62212F}.Debug|x64.Build.0 = Debug|x64
		{6137BD2C-C415-448F-8229-5DA6AF62212F}.Debug|x86.ActiveCfg = Debug|Win32
		{6137BD2C-C415-448F-8229-5DA6AF62212F}.Debug|x86.Build.0 = Debug|Win32
		{6137BD2C-C415-448F-8229-5DA6AF62212F}.Release|x64.ActiveCfg = Release|x64
		{6137BD2C-C415-448F-8229-5DA6AF62212F}.Release|x64.Build.0 = Release|x64
		{6137BD2C-C415-448F-8229-5DA6AF62212F}.Release|x86.ActiveCfg = Release|Win32
		{6137BD2C-C415-448F-8229-5DA6AF62212F}.Release|x86.Build.0 = Release|Win32
		{E8C9EC9F-27C8-48C2-9AE2-1721B09F29A5}.Debug|x64.ActiveCfg = Debug|x64
		{E8C9EC9F-27C8-48C2-9AE2-1721B09F29A5}.Debug|x64.Build.0 = Debug|x64
		{E8C9EC9F-27C8-48C2-9AE2-1721B09F29A5}.Debug|x86.ActiveCfg = Debug|Win32
		{E8C9EC9F-27C8-48C2-9AE2-1721B09F29A5}.Debug|x86.Build.0 = Debug|Win32
		{E8C9EC9F-27C8-48C2-9AE2-1721B09F29A5}.Release|x64.ActiveCfg = Release|x64
		{E8C9EC9F-27C8-48C2-9AE2-1721B09F29A5}.Release|x64.Build.0 = Release|x64
		{E8C9EC9F-27C8-48C2-9AE2-1721B09F29A5}.Release|x86.ActiveCfg = Release|Win32
		{E8C9EC9F-27C8-48C2-9AE2-1721B09F29A5}.Release|x86.Build.0 = Release|Win32
		{4B353D7D-B144-4944-84B9-73C89148FB99}.Debug|x64.ActiveCfg = Debug|x64
		{4B353D7D-B144-4944-84B9-73C89148FB99}.Debug|x64.Build.0 = Debug|x64
		{4B353D7D-B144-4944-84B9-73C89148FB99}.Debug|x86.ActiveCfg = Debug|Win32
		{4B353D7D-B144-4944-84B9-73C89148FB99}.Debug|x86.Build.0 = Debug|Win32
		{4B353D7D-B144-4944-84B9-73C89148FB99}.Release|x64.ActiveCfg = Release|x64
		{4B353D7D-B144-4944-84B9-73C89148FB99}.Release|x64.Build.0 = Release|x64
		{4B353D7D-B144-4944-84B9-73C89148FB99}.Release|x86.ActiveCfg = Release|Win32
		{4B353D7D-B144-4944-84B9-73C89148FB99}.Release|x86.Build.0 = Release|Win32
		{01F6AAE2-A1B5-4369-9173-DA6594781661}.Debug|x64.ActiveCfg = Debug|x64
		{01F6AAE2-A1B5-4369-9173-DA6594781661}.Debug|x64.Build.0 = Debug|x64
		{01F6AAE2-A1B5-4369-9173-DA6594781661}.Debug|x86.ActiveCfg = Debug|Win32
		{01F6AAE2-A1B5-4369-9173-DA6594781661}.Debug|x86.Build.0 = Debug|Win32
		{01F6AAE2-A1B5-4369-9173-DA6594781661}.Release|x64.ActiveCfg = Release|x64
		{01F6AAE2-A1B5-4369-9173-DA6594781661}.Release|x64.Build.0 = Release|x64
		{01F6AAE2-A1B5-4369-9173-DA6594781661}.Release|x86.ActiveCfg = Release|Win32
		{01F6AAE2-A1B5-4369-9173-DA6594781661}.Release|x86.Build.0 = Release|Win32
		{C08E1926-6B9A-4FD2-871D-0284048380CB}.Debug|x64.ActiveCfg = Debug|x64
		{C08E1926-6B9A-4FD2-871D-0284048380CB}.Debug|x64.Build.0 = Debug|x64
		{C08E1926-6B9A-4FD2-871D-0284048380CB}.Debug|x86.ActiveCfg = Debug|Win32
		{C08E1926-6B9A-4FD2-871D-0284048380CB}.Debug|x86.Build.0 = Debug|Win32
		{C08E1926-6B9A-4FD2-871D-0284048380CB}.Release|x64.ActiveCfg = Release|x64
		{C08E1926-6B9A-4FD2-871D-0284048380CB}.Release|x64.Build.0 = Release|x64
		{C08E1926-6B9A-4FD2-871D-0284048380CB}.Release|x86.ActiveCfg = Release|Win32
		{C08E1926-6B9A-4FD2-871D-0284048380CB}.Release|x86.Build.0 = Release|Win32
		{EFFB52E7-5853-47A4-A9D5-E3AB7C88F483}.Debug|x64.ActiveCfg = Debug|x64
		{EFFB52E7-5853-47A4-A9D5-E3AB7C88F483}.Debug|x64.Build.0 = Debug|x64
		{EFFB52E7-5853-47A4-A9D5-E3AB7C88F483}.Debug|x86.ActiveCfg = Debug|Win32
		{EFFB52E7-5853-47A4-A9D5-E3AB7C88F483}.Debug|x86.Build.0 = Debug|Win32
		{EFFB52E7-5853-47A4-A9D5-E3AB7C88F483}.Release|x64.ActiveCfg = Release|x64
		{EFFB52E7-5853-47A4-A9D5-E3AB7C88F483}.Release|x64.Build.0 = Release|x64
		{EFFB52E7-5853-47A4-A9D5-E3AB7C88F483}.Release|x86.ActiveCfg = Release|Win32
		{EFFB52E7-5853-47A4-A9D5-E3AB7C88F483}.Release|x86.Build.0 = Release|Win32
		{665F98F3-5933-4E7F-98CD-FA78FF8281C4}.Debug|x64.ActiveCfg = Debug|x64
		{665F98F3-5933-4E7F-98CD-FA78FF8281C4}.Debug|x64.Build.0 = Debug|x64
		{665F98F3-5933-4E7F-98CD-FA78FF8281C4}.Debug|x86.ActiveCfg = Debug|Win32
		{665F98F3-5933-4E7F-98CD-FA78FF8281C4}.Debug|x86.Build.0 = Debug|Win32
		{665F98F3-5933-4E7F-98CD-FA78FF8281C4}.Release|x64.ActiveCfg = Release|x64
		{665F98F3-5933-4E7F-98CD-FA78FF8281C4}.Release|x64.Build.0 = Release|x64
		{665F98F3-5933-4E7F-98CD-FA78FF8281C4}.Release|x86.ActiveCfg = Release|Win32
		{665F98F3-5933-4E7F-98CD-FA78FF8281C4}.Release|x86.Build.0 = Release|Win32
		{149DD74D-7AC7-409F-A2F4-FD7C03E5AB6A}.Debug|x64.ActiveCfg = Debug|x64
		{149DD74D-7AC7-409F-A2F4-FD7C03E5AB6A}.Debug|x64.Build.0 = Debug|x64
		{149DD74D-7AC7-409F-A2F4-FD7C03E5AB6A}.Debug|x86.ActiveCfg = Debug|Win32
		{149DD74D-7AC7-409F-A2F4-FD7C03E5AB6A}.Debug|x86.Build.0 = Debug|Win32
		{149DD74D-7AC7-409F-A2F4-FD7C03E5AB6A}.Release|x64.ActiveCfg = Release|x64
		{149DD74D-7AC7-409F-A2F4-FD7C03E5AB6A}.Release|x64.Build.0 = Release|x64
		{149DD74D-7AC7-409F-A2F4-FD7C03E5AB6A}.Release|x86.ActiveCfg = Release|Win32
		{149DD74D-7AC7-409F-A2F4-FD7C03E5AB6A}.Release|x86.Build.0 = Release|Win32
		{B8C06EC1-E7B4-4355-B7BA-7E59CD850699}.Debug|x64.ActiveCfg = Debug|x64
		{B8C06EC1-E7B4-4355-B7BA-7E59CD850699}.Debug|x64.Build.0 = Debug|x64
		{B8C06EC1-E7B4-4355-B7BA-7E59CD850699}.Debug|x86.ActiveCfg = Debug|Win32
		{B8C06EC1-E7B4-4355-B7BA-7E59CD850699}.Debug|x86.Build.0 = Debug|Win32
		{B8C06EC1-E7B4-4355-B7BA-7E59CD850699}.Release|x64.ActiveCfg = Release|x64
		{B8C06EC1-E7B4-4355-B7BA-7E59CD850699}.Release|x64.Build.0 = Release|x64
		{B8C06EC1-E7B4-4355-B7BA-7E59CD850699}.Release|x86.ActiveCfg = Release|Win32
		{B8C06EC1-E7B4-4355-B7BA-7E59CD850699}.Release|x86.Build.0 = Release|Win32
		{FB7529A9-6F9A-4284-BA98-ECEB0582D631}.Debug|x64.ActiveCfg = Debug|x64
		{FB7529A9-6F9A-4284-BA98-ECEB0582D631}.Debug|x64.Build.0 = Debug|x64
		{FB7529A9-6F9A-4284-BA98-ECEB0582D631}.Debug|x86.ActiveCfg = Debug|Win32
		{FB7529A9-6F9A-4284-BA98-ECEB0582D631}.Debug|x86.Build.0 = Debug|Win32
		{FB7529A9-6F9A-4284-BA98-ECEB0582D631}.Release|x64.ActiveCfg = Release|x64
		{FB7529A9-6F9A-4284-BA98-ECEB0582D631}.Release|x64.Build.0 = Release|x64
		{FB7529A9-6F9A-4284-BA98-ECEB0582D631}.Release|x86.ActiveCfg = Release|Win32
		{FB7529A9-6F9A-4284-BA98-ECEB0582D631}.Release|x86.Build.0 = Release|Win32
		{F24D0E09-8286-4389-98C8-F2AE9204BDA4}.Debug|x64.ActiveCfg = Debug|x64
		{F24D0E09-8286-4389-98C8-F2AE9204BDA4}.Debug|x64.Build.0 = Debug|x64
		{F24D0E09-8286-4389-98C8-F2AE9204BDA4}.Debug|x86.ActiveCfg = Debug|Win32
		{F24D0E09-8286-4389-98C8-F2AE9204BDA4}.Debug|x86.Build.0 = Debug|Win32
		{F24D0E09-8286-4389-98C8-F2AE9204BDA4}.Release|x64.ActiveCfg = Release|x64
		{F24D0E09-8286-4389-98C8-F2AE9204BDA4}.Release|x64.Build.0 = Release|x64
		{F24D0E09-8286-4389-98C8-F2AE9204BDA4}.Release|x86.ActiveCfg = Release|Win32
		{F24D0E09-8286-4389-98C8-F2AE9204BDA4}.Release|x86.Build.0 = Release|Win32
		{2D36AEAD-BC52-438A-9576-B556BFC2F196}.Debug|x64.ActiveCfg = Debug|x64
		{2D36AEAD-BC52-438A-9576-B556BFC2F196}.Debug|x64.Build.0 = Debug|x64
		{2D36AEAD-BC52-438A-9576-B556BFC2F196}.Debug|x86.ActiveCfg = Debug|Win32
		{2D36AEAD-BC52-438A-9576-B556BFC2F196}.Debug|x86.Build.0 = Debug|Win32
		{2D36AEAD-BC52-438A-9576-B556BFC2F196}.Release|x64.ActiveCfg = Release|x64
		{2D36AEAD-BC52-438A-9576-B556BFC2F196}.Release|x64.Build.0 = Release|x64
		{2D36AEAD-BC52-438A-9576-B556BFC2F196}.Release|x86.ActiveCfg = Release|Win32
		{2D36AEAD-BC52-438A-9576-B556BFC2F196}.Release|x86.Build.0 = Release|Win32
	EndGlobalSection
	GlobalSection(SolutionProperties) = preSolution
		HideSolutionNode = FALSE
	EndGlobalSection
	GlobalSection(NestedProjects) = preSolution
		{E34E64C7-81FB-4E5F-BBC9-F1E59F6EB834} = {6BAF146E-80AF-48E7-9BE6-857F77400C73}
		{195A6C00-356D-4B7A-9998-5668C84802CC} = {6BAF146E-80AF-48E7-9BE6-857F77400C73}
		{5CB1F64F-7D95-48BA-A873-2E4C39C78E93} = {14521162-438B-4AF7-A4D4-BC745C580EF9}
		{4D01FF1F-994A-41A9-9473-CB73BB346C87} = {14521162-438B-4AF7-A4D4-BC745C580EF9}
		{C85024AD-2C0E-49E3-8C52-A208782E6C7F} = {FECDBC0B-4F3A-4E7F-B0A0-4AB08D562C68}
		{84337509-ECD3-453B-A4A3-104B8EED2481} = {25957478-973B-49B9-8B17-14ABA4A8D4A9}
		{A93FEEA0-E523-4217-B057-6B887C60C773} = {FECDBC0B-4F3A-4E7F-B0A0-4AB08D562C68}
		{84533322-40D3-471C-B297-C1877B673038} = {FECDBC0B-4F3A-4E7F-B0A0-4AB08D562C68}
		{03E2FEAB-E840-455C-9802-185834118372} = {FECDBC0B-4F3A-4E7F-B0A0-4AB08D562C68}
		{5F730AF7-48C0-4D30-A43E-8A94171E41BF} = {C94CF783-99FA-4059-9AD3-2487E87CE6AB}
		{EBC3162D-B14E-4C04-B085-E0B037D8CBCD} = {FECDBC0B-4F3A-4E7F-B0A0-4AB08D562C68}
		{6137BD2C-C415-448F-8229-5DA6AF62212F} = {FECDBC0B-4F3A-4E7F-B0A0-4AB08D562C68}
		{E8C9EC9F-27C8-48C2-9AE2-1721B09F29A5} = {FECDBC0B-4F3A-4E7F-B0A0-4AB08D562C68}
		{4B353D7D-B144-4944-84B9-73C89148FB99} = {FECDBC0B-4F3A-4E7F-B0A0-4AB08D562C68}
		{01F6AAE2-A1B5-4369-9173-DA6594781661} = {FECDBC0B-4F3A-4E7F-B0A0-4AB08D562C68}
		{C08E1926-6B9A-4FD2-871D-0284048380CB} = {FECDBC0B-4F3A-4E7F-B0A0-4AB08D562C68}
		{EFFB52E7-5853-47A4-A9D5-E3AB7C88F483} = {FECDBC0B-4F3A-4E7F-B0A0-4AB08D562C68}
		{665F98F3-5933-4E7F-98CD-FA78FF8281C4} = {FECDBC0B-4F3A-4E7F-B0A0-4AB08D562C68}
		{FECDBC0B-4F3A-4E7F-B0A0-4AB08D562C68} = {C94CF783-99FA-4059-9AD3-2487E87CE6AB}
		{149DD74D-7AC7-409F-A2F4-FD7C03E5AB6A} = {FECDBC0B-4F3A-4E7F-B0A0-4AB08D562C68}
		{B8C06EC1-E7B4-4355-B7BA-7E59CD850699} = {FECDBC0B-4F3A-4E7F-B0A0-4AB08D562C68}
		{4FCF1EEE-4CB4-4A1F-971D-B966F5E21EDE} = {C94CF783-99FA-4059-9AD3-2487E87CE6AB}
		{FB7529A9-6F9A-4284-BA98-ECEB0582D631} = {4FCF1EEE-4CB4-4A1F-971D-B966F5E21EDE}
		{3F3AE161-22D2-49E9-8566-3222EB32E4D7} = {C94CF783-99FA-4059-9AD3-2487E87CE6AB}
		{F24D0E09-8286-4389-98C8-F2AE9204BDA4} = {3F3AE161-22D2-49E9-8566-3222EB32E4D7}
		{25957478-973B-49B9-8B17-14ABA4A8D4A9} = {6BAF146E-80AF-48E7-9BE6-857F77400C73}
		{2D36AEAD-BC52-438A-9576-B556BFC2F196} = {25957478-973B-49B9-8B17-14ABA4A8D4A9}
	EndGlobalSection
	GlobalSection(ExtensibilityGlobals) = postSolution
		SolutionGuid = {4454CD26-3597-4778-9BD5-88E196458159}
	EndGlobalSection
EndGlobal
