<?xml version="1.0" encoding="utf-8"?>
<Project ToolsVersion="4.0" xmlns="http://schemas.microsoft.com/developer/msbuild/2003">
  <ItemGroup>
    <Filter Include="Source Files">
      <UniqueIdentifier>{5295073f-8135-4e61-a3cf-14a86356e047}</UniqueIdentifier>
      <Extensions>cpp;c;cc;cxx;c++;def;odl;idl;hpj;bat;asm;asmx;hip;cu</Extensions>
    </Filter>
    <Filter Include="Header Files">
      <UniqueIdentifier>{329d6041-1718-4bf8-8403-1e5e61525726}</UniqueIdentifier>
      <Extensions>h;hh;hpp;hxx;h++;hm;inl;inc;ipp;xsd;cuh</Extensions>
    </Filter>
    <Filter Include="Resource Files">
      <UniqueIdentifier>{c328cd1b-7668-4aab-aebb-625643294756}</UniqueIdentifier>
      <Extensions>rc;ico;cur;bmp;dlg;rc2;rct;bin;rgs;gif;jpg;jpeg;jpe;resx;tiff;tif;png;wav;mfcribbon-ms</Extensions>
    </Filter>
  </ItemGroup>
  <ItemGroup>
    <ClCompile Include="qamd_utils.hip">
      <Filter>Source Files</Filter>
    </ClCompile>
    <ClCompile Include="qamd_function.hip">
      <Filter>Source Files</Filter>
    </ClCompile>
    <ClCompile Include="qamd_forward.hip">
      <Filter>Source Files</Filter>
    </ClCompile>
    <ClCompile Include="qamd_backward.hip">
      <Filter>Source Files</Filter>
    </ClCompile>
  </ItemGroup>
  <ItemGroup>
    <ClInclude Include="qamd_utils.h">
      <Filter>Header Files</Filter>
    </ClInclude>
    <ClInclude Include="qamd_function.h">
      <Filter>Header Files</Filter>
    </ClInclude>
    <ClInclude Include="qamd_forward.h">
      <Filter>Header Files</Filter>
    </ClInclude>
    <ClInclude Include="qamd_backward.h">
      <Filter>Header Files</Filter>
    </ClInclude>
  </ItemGroup>
</Project>