<?xml version="1.0" encoding="utf-8"?>
<Project ToolsVersion="4.0" xmlns="http://schemas.microsoft.com/developer/msbuild/2003">
  <ItemGroup>
    <Filter Include="Source Files">
      <UniqueIdentifier>{4FC737F1-C7A5-4376-A066-2A32D752A2FF}</UniqueIdentifier>
      <Extensions>cpp;c;cc;cxx;c++;cppm;ixx;def;odl;idl;hpj;bat;asm;asmx</Extensions>
    </Filter>
    <Filter Include="Header Files">
      <UniqueIdentifier>{93995380-89BD-4b04-88EB-625FBE52EBFB}</UniqueIdentifier>
      <Extensions>h;hh;hpp;hxx;h++;hm;inl;inc;ipp;xsd</Extensions>
    </Filter>
    <Filter Include="Resource Files">
      <UniqueIdentifier>{67DA6AB6-F800-4c08-8B7A-83BB121AAD01}</UniqueIdentifier>
      <Extensions>rc;ico;cur;bmp;dlg;rc2;rct;bin;rgs;gif;jpg;jpeg;jpe;resx;tiff;tif;png;wav;mfcribbon-ms</Extensions>
    </Filter>
    <Filter Include="Header Files\Public">
      <UniqueIdentifier>{f93f8739-60c2-4fe8-abbf-586720de7cdc}</UniqueIdentifier>
    </Filter>
    <Filter Include="Header Files\Private">
      <UniqueIdentifier>{6e856bb5-b6d3-4cd2-9126-5275deedf0bd}</UniqueIdentifier>
    </Filter>
  </ItemGroup>
  <ItemGroup>
    <ClInclude Include="Public\qrecorder.h">
      <Filter>Header Files\Public</Filter>
    </ClInclude>
    <ClInclude Include="Private\qdefines.h">
      <Filter>Header Files\Private</Filter>
    </ClInclude>
    <ClInclude Include="framework.h">
      <Filter>Header Files\Private</Filter>
    </ClInclude>
    <ClInclude Include="pch.h">
      <Filter>Header Files\Private</Filter>
    </ClInclude>
    <ClInclude Include="Private\qrecorder_i.h">
      <Filter>Header Files\Private</Filter>
    </ClInclude>
    <ClInclude Include="Private\qpci_pattern.h">
      <Filter>Header Files\Private</Filter>
    </ClInclude>
    <ClInclude Include="Private\qrecorder_traits.h">
      <Filter>Header Files\Private</Filter>
    </ClInclude>
    <ClInclude Include="Public\qscalar.h">
      <Filter>Header Files\Public</Filter>
    </ClInclude>
    <ClInclude Include="Private\qscalar_traits.h">
      <Filter>Header Files\Private</Filter>
    </ClInclude>
    <ClInclude Include="Private\qgraph_traits.h">
      <Filter>Header Files\Private</Filter>
    </ClInclude>
    <ClInclude Include="Public\qgraph.h">
      <Filter>Header Files\Public</Filter>
    </ClInclude>
    <ClInclude Include="Private\qgraph_i.h">
      <Filter>Header Files\Private</Filter>
    </ClInclude>
    <ClInclude Include="Private\qgraph_enum.h">
      <Filter>Header Files\Private</Filter>
    </ClInclude>
    <ClInclude Include="Public\qexception.h">
      <Filter>Header Files\Public</Filter>
    </ClInclude>
    <ClInclude Include="Private\qgraph_proto.h">
      <Filter>Header Files\Private</Filter>
    </ClInclude>
    <ClInclude Include="Private\qscalar_func1.h">
      <Filter>Header Files\Private</Filter>
    </ClInclude>
    <ClInclude Include="Private\qscalar_defines.h">
      <Filter>Header Files\Private</Filter>
    </ClInclude>
    <ClInclude Include="Private\qgraph_prune.h">
      <Filter>Header Files\Private</Filter>
    </ClInclude>
    <ClInclude Include="Private\qgraph_sweep.h">
      <Filter>Header Files\Private</Filter>
    </ClInclude>
    <ClInclude Include="Private\qgraph_remap.h">
      <Filter>Header Files\Private</Filter>
    </ClInclude>
    <ClInclude Include="Public\qworkspace.h">
      <Filter>Header Files\Public</Filter>
    </ClInclude>
    <ClInclude Include="Private\qscalar_i.h">
      <Filter>Header Files\Private</Filter>
    </ClInclude>
    <ClInclude Include="Private\qgraph_operation.h">
      <Filter>Header Files\Private</Filter>
    </ClInclude>
    <ClInclude Include="Private\qworkspace_i.h">
      <Filter>Header Files\Private</Filter>
    </ClInclude>
    <ClInclude Include="Private\qgraph_function.h">
      <Filter>Header Files\Private</Filter>
    </ClInclude>
    <ClInclude Include="Private\qgraph_forward.h">
      <Filter>Header Files\Private</Filter>
    </ClInclude>
    <ClInclude Include="Private\qgraph_visitor.h">
      <Filter>Header Files\Private</Filter>
    </ClInclude>
    <ClInclude Include="Private\qgraph_lifecycle.h">
      <Filter>Header Files\Private</Filter>
    </ClInclude>
    <ClInclude Include="Private\qgraph_backward.h">
      <Filter>Header Files\Private</Filter>
    </ClInclude>
    <ClInclude Include="Private\qgraph_generator.h">
      <Filter>Header Files\Private</Filter>
    </ClInclude>
    <ClInclude Include="Public\qstring.h">
      <Filter>Header Files\Public</Filter>
    </ClInclude>
    <ClInclude Include="Private\qgraph_mapfunc.h">
      <Filter>Header Files\Private</Filter>
    </ClInclude>
    <ClInclude Include="Public\qboolean.h">
      <Filter>Header Files\Public</Filter>
    </ClInclude>
    <ClInclude Include="Public\qinteger.h">
      <Filter>Header Files\Public</Filter>
    </ClInclude>
    <ClInclude Include="Public\qtype_traits.h">
      <Filter>Header Files\Public</Filter>
    </ClInclude>
    <ClInclude Include="Private\qboolean_i.h">
      <Filter>Header Files\Private</Filter>
    </ClInclude>
    <ClInclude Include="Public\qalgorithm.h">
      <Filter>Header Files\Public</Filter>
    </ClInclude>
    <ClInclude Include="Public\qiterator.h">
      <Filter>Header Files\Public</Filter>
    </ClInclude>
    <ClInclude Include="Public\qvector.h">
      <Filter>Header Files\Public</Filter>
    </ClInclude>
    <ClInclude Include="Private\qinteger_i.h">
      <Filter>Header Files\Private</Filter>
    </ClInclude>
    <ClInclude Include="Private\qiterator_i.h">
      <Filter>Header Files\Private</Filter>
    </ClInclude>
    <ClInclude Include="Private\qalgorithm_i.h">
      <Filter>Header Files\Private</Filter>
    </ClInclude>
    <ClInclude Include="Private\qimmhss.h">
      <Filter>Header Files\Private</Filter>
    </ClInclude>
    <ClInclude Include="Public\qdual.h">
      <Filter>Header Files\Public</Filter>
    </ClInclude>
    <ClInclude Include="Public\qutils.h">
      <Filter>Header Files\Public</Filter>
    </ClInclude>
    <ClInclude Include="Private\qgpu_traits.h">
      <Filter>Header Files\Private</Filter>
    </ClInclude>
    <ClInclude Include="Private\qgraph_gpu_memory.h">
      <Filter>Header Files\Private</Filter>
    </ClInclude>
    <ClInclude Include="Private\qworkspace_gpu_memory.h">
      <Filter>Header Files\Private</Filter>
    </ClInclude>
    <ClInclude Include="Private\qgraph_gpu.h">
      <Filter>Header Files\Private</Filter>
    </ClInclude>
    <ClInclude Include="Private\qgraph_function_gpu.h">
      <Filter>Header Files\Private</Filter>
    </ClInclude>
    <ClInclude Include="Public\qstream.h">
      <Filter>Header Files\Public</Filter>
    </ClInclude>
  </ItemGroup>
  <ItemGroup>
    <ClCompile Include="dllmain.cpp">
      <Filter>Source Files</Filter>
    </ClCompile>
    <ClCompile Include="pch.cpp">
      <Filter>Source Files</Filter>
    </ClCompile>
    <ClCompile Include="Private\qrecorder.cpp">
      <Filter>Source Files</Filter>
    </ClCompile>
    <ClCompile Include="Private\qrecorder_i.cpp">
      <Filter>Source Files</Filter>
    </ClCompile>
    <ClCompile Include="Private\qscalar.cpp">
      <Filter>Source Files</Filter>
    </ClCompile>
    <ClCompile Include="Private\qgraph.cpp">
      <Filter>Source Files</Filter>
    </ClCompile>
    <ClCompile Include="Private\qgraph_i.cpp">
      <Filter>Source Files</Filter>
    </ClCompile>
    <ClCompile Include="Private\qexception.cpp">
      <Filter>Source Files</Filter>
    </ClCompile>
    <ClCompile Include="Private\qgraph_map_func1.cpp">
      <Filter>Source Files</Filter>
    </ClCompile>
    <ClCompile Include="Private\qgraph_map_func2.cpp">
      <Filter>Source Files</Filter>
    </ClCompile>
    <ClCompile Include="Private\qscalar_gaussian.cpp">
      <Filter>Source Files</Filter>
    </ClCompile>
    <ClCompile Include="Private\qscalar_func1.cpp">
      <Filter>Source Files</Filter>
    </ClCompile>
    <ClCompile Include="Private\qscalar_func2.cpp">
      <Filter>Source Files</Filter>
    </ClCompile>
    <ClCompile Include="Private\qscalar_power.cpp">
      <Filter>Source Files</Filter>
    </ClCompile>
    <ClCompile Include="Private\qgraph_prune.cpp">
      <Filter>Source Files</Filter>
    </ClCompile>
    <ClCompile Include="Private\qgraph_signature.cpp">
      <Filter>Source Files</Filter>
    </ClCompile>
    <ClCompile Include="Private\qgraph_remap.cpp">
      <Filter>Source Files</Filter>
    </ClCompile>
    <ClCompile Include="Private\qworkspace.cpp">
      <Filter>Source Files</Filter>
    </ClCompile>
    <ClCompile Include="Private\qgraph_operation.cpp">
      <Filter>Source Files</Filter>
    </ClCompile>
    <ClCompile Include="Private\qgraph_function.cpp">
      <Filter>Source Files</Filter>
    </ClCompile>
    <ClCompile Include="Private\qgraph_forward.cpp">
      <Filter>Source Files</Filter>
    </ClCompile>
    <ClCompile Include="Private\qgraph_visitor.cpp">
      <Filter>Source Files</Filter>
    </ClCompile>
    <ClCompile Include="Private\qgraph_lifecycle.cpp">
      <Filter>Source Files</Filter>
    </ClCompile>
    <ClCompile Include="Private\qgraph_backward.cpp">
      <Filter>Source Files</Filter>
    </ClCompile>
    <ClCompile Include="Private\qgraph_generator.cpp">
      <Filter>Source Files</Filter>
    </ClCompile>
    <ClCompile Include="Private\qboolean.cpp">
      <Filter>Source Files</Filter>
    </ClCompile>
    <ClCompile Include="Private\qscalar_traits.cpp">
      <Filter>Source Files</Filter>
    </ClCompile>
    <ClCompile Include="Private\qinteger.cpp">
      <Filter>Source Files</Filter>
    </ClCompile>
    <ClCompile Include="Private\qalgorithm.cpp">
      <Filter>Source Files</Filter>
    </ClCompile>
    <ClCompile Include="Private\qiterator.cpp">
      <Filter>Source Files</Filter>
    </ClCompile>
    <ClCompile Include="Private\qgraph_operation_boolean.cpp">
      <Filter>Source Files</Filter>
    </ClCompile>
    <ClCompile Include="Private\qgraph_operation_integer.cpp">
      <Filter>Source Files</Filter>
    </ClCompile>
    <ClCompile Include="Private\qcpu_utils.cpp">
      <Filter>Source Files</Filter>
    </ClCompile>
    <ClCompile Include="Private\qgpu_utils.cpp">
      <Filter>Source Files</Filter>
    </ClCompile>
  </ItemGroup>
</Project>